// !$*UTF8*$!
{
	archiveVersion = 1;
	classes = {
	};
	objectVersion = 46;
	objects = {

/* Begin PBXBuildFile section */
		2D12A883D58CDD4D449A6726 /* Pods_Flicky.framework in Frameworks */ = {isa = PBXBuildFile; fileRef = C55AC679582A79902DF85B16 /* Pods_Flicky.framework */; };
		7621FC1E1F6657220059ABDF /* AppDelegate.swift in Sources */ = {isa = PBXBuildFile; fileRef = 7621FC1D1F6657220059ABDF /* AppDelegate.swift */; };
		7621FC231F6657220059ABDF /* Main.storyboard in Resources */ = {isa = PBXBuildFile; fileRef = 7621FC211F6657220059ABDF /* Main.storyboard */; };
		7621FC251F6657220059ABDF /* Assets.xcassets in Resources */ = {isa = PBXBuildFile; fileRef = 7621FC241F6657220059ABDF /* Assets.xcassets */; };
		7621FC281F6657220059ABDF /* LaunchScreen.storyboard in Resources */ = {isa = PBXBuildFile; fileRef = 7621FC261F6657220059ABDF /* LaunchScreen.storyboard */; };
		7621FC301F66588A0059ABDF /* FlickViewController.swift in Sources */ = {isa = PBXBuildFile; fileRef = 7621FC2F1F66588A0059ABDF /* FlickViewController.swift */; };
		76A5539D1F6F76CB001755EF /* UIView+setRadius.swift in Sources */ = {isa = PBXBuildFile; fileRef = 76A5539C1F6F76CB001755EF /* UIView+setRadius.swift */; };
		76D992471F6A4F030044B437 /* MovieCollectionCell.swift in Sources */ = {isa = PBXBuildFile; fileRef = 76D992461F6A4F030044B437 /* MovieCollectionCell.swift */; };
		76D9924A1F6A54430044B437 /* UIImage+colored.swift in Sources */ = {isa = PBXBuildFile; fileRef = 76D992491F6A54430044B437 /* UIImage+colored.swift */; };
		76D9924C1F6A54930044B437 /* UISegmentedControl+customizeAppearance.swift in Sources */ = {isa = PBXBuildFile; fileRef = 76D9924B1F6A54930044B437 /* UISegmentedControl+customizeAppearance.swift */; };
		76EF27451F6903E7004FC6B6 /* MovieCell.swift in Sources */ = {isa = PBXBuildFile; fileRef = 76EF27441F6903E7004FC6B6 /* MovieCell.swift */; };
		76EF27471F69992D004FC6B6 /* DetailViewController.swift in Sources */ = {isa = PBXBuildFile; fileRef = 76EF27461F69992D004FC6B6 /* DetailViewController.swift */; };
		76FAA2A81F6E71EA00C2FFC1 /* UIImageView+loadPoster.swift in Sources */ = {isa = PBXBuildFile; fileRef = 76FAA2A71F6E71EA00C2FFC1 /* UIImageView+loadPoster.swift */; };
/* End PBXBuildFile section */

/* Begin PBXFileReference section */
		0F22CC69FFE9707A29AB27C8 /* Pods-Flicky.debug.xcconfig */ = {isa = PBXFileReference; includeInIndex = 1; lastKnownFileType = text.xcconfig; name = "Pods-Flicky.debug.xcconfig"; path = "Pods/Target Support Files/Pods-Flicky/Pods-Flicky.debug.xcconfig"; sourceTree = "<group>"; };
		7621FC1A1F6657220059ABDF /* Flicky.app */ = {isa = PBXFileReference; explicitFileType = wrapper.application; includeInIndex = 0; path = Flicky.app; sourceTree = BUILT_PRODUCTS_DIR; };
		7621FC1D1F6657220059ABDF /* AppDelegate.swift */ = {isa = PBXFileReference; lastKnownFileType = sourcecode.swift; path = AppDelegate.swift; sourceTree = "<group>"; };
		7621FC221F6657220059ABDF /* Base */ = {isa = PBXFileReference; lastKnownFileType = file.storyboard; name = Base; path = Base.lproj/Main.storyboard; sourceTree = "<group>"; };
		7621FC241F6657220059ABDF /* Assets.xcassets */ = {isa = PBXFileReference; lastKnownFileType = folder.assetcatalog; path = Assets.xcassets; sourceTree = "<group>"; };
		7621FC271F6657220059ABDF /* Base */ = {isa = PBXFileReference; lastKnownFileType = file.storyboard; name = Base; path = Base.lproj/LaunchScreen.storyboard; sourceTree = "<group>"; };
		7621FC291F6657220059ABDF /* Info.plist */ = {isa = PBXFileReference; lastKnownFileType = text.plist.xml; path = Info.plist; sourceTree = "<group>"; };
		7621FC2F1F66588A0059ABDF /* FlickViewController.swift */ = {isa = PBXFileReference; fileEncoding = 4; lastKnownFileType = sourcecode.swift; path = FlickViewController.swift; sourceTree = "<group>"; };
		76A5539C1F6F76CB001755EF /* UIView+setRadius.swift */ = {isa = PBXFileReference; fileEncoding = 4; lastKnownFileType = sourcecode.swift; path = "UIView+setRadius.swift"; sourceTree = "<group>"; };
		76D992461F6A4F030044B437 /* MovieCollectionCell.swift */ = {isa = PBXFileReference; fileEncoding = 4; lastKnownFileType = sourcecode.swift; path = MovieCollectionCell.swift; sourceTree = "<group>"; };
		76D992491F6A54430044B437 /* UIImage+colored.swift */ = {isa = PBXFileReference; fileEncoding = 4; lastKnownFileType = sourcecode.swift; path = "UIImage+colored.swift"; sourceTree = "<group>"; };
		76D9924B1F6A54930044B437 /* UISegmentedControl+customizeAppearance.swift */ = {isa = PBXFileReference; fileEncoding = 4; lastKnownFileType = sourcecode.swift; path = "UISegmentedControl+customizeAppearance.swift"; sourceTree = "<group>"; };
		76EF27441F6903E7004FC6B6 /* MovieCell.swift */ = {isa = PBXFileReference; fileEncoding = 4; lastKnownFileType = sourcecode.swift; path = MovieCell.swift; sourceTree = "<group>"; };
		76EF27461F69992D004FC6B6 /* DetailViewController.swift */ = {isa = PBXFileReference; fileEncoding = 4; lastKnownFileType = sourcecode.swift; path = DetailViewController.swift; sourceTree = "<group>"; };
		76FAA2A71F6E71EA00C2FFC1 /* UIImageView+loadPoster.swift */ = {isa = PBXFileReference; fileEncoding = 4; lastKnownFileType = sourcecode.swift; path = "UIImageView+loadPoster.swift"; sourceTree = "<group>"; };
		7CD563FD43C4FA4023FE55B3 /* Pods-Flicky.release.xcconfig */ = {isa = PBXFileReference; includeInIndex = 1; lastKnownFileType = text.xcconfig; name = "Pods-Flicky.release.xcconfig"; path = "Pods/Target Support Files/Pods-Flicky/Pods-Flicky.release.xcconfig"; sourceTree = "<group>"; };
		C55AC679582A79902DF85B16 /* Pods_Flicky.framework */ = {isa = PBXFileReference; explicitFileType = wrapper.framework; includeInIndex = 0; path = Pods_Flicky.framework; sourceTree = BUILT_PRODUCTS_DIR; };
/* End PBXFileReference section */

/* Begin PBXFrameworksBuildPhase section */
		7621FC171F6657220059ABDF /* Frameworks */ = {
			isa = PBXFrameworksBuildPhase;
			buildActionMask = 2147483647;
			files = (
				2D12A883D58CDD4D449A6726 /* Pods_Flicky.framework in Frameworks */,
			);
			runOnlyForDeploymentPostprocessing = 0;
		};
/* End PBXFrameworksBuildPhase section */

/* Begin PBXGroup section */
		5882E93C981E22E74B9EE71E /* Frameworks */ = {
			isa = PBXGroup;
			children = (
				C55AC679582A79902DF85B16 /* Pods_Flicky.framework */,
			);
			name = Frameworks;
			sourceTree = "<group>";
		};
		58CC2DAA21CD0AB7A0B03069 /* Pods */ = {
			isa = PBXGroup;
			children = (
				0F22CC69FFE9707A29AB27C8 /* Pods-Flicky.debug.xcconfig */,
				7CD563FD43C4FA4023FE55B3 /* Pods-Flicky.release.xcconfig */,
			);
			name = Pods;
			sourceTree = "<group>";
		};
		7621FC111F6657220059ABDF = {
			isa = PBXGroup;
			children = (
				76D992481F6A54330044B437 /* Extensions */,
				7621FC1C1F6657220059ABDF /* Flicky */,
				7621FC1B1F6657220059ABDF /* Products */,
				58CC2DAA21CD0AB7A0B03069 /* Pods */,
				5882E93C981E22E74B9EE71E /* Frameworks */,
			);
			sourceTree = "<group>";
		};
		7621FC1B1F6657220059ABDF /* Products */ = {
			isa = PBXGroup;
			children = (
				7621FC1A1F6657220059ABDF /* Flicky.app */,
			);
			name = Products;
			sourceTree = "<group>";
		};
		7621FC1C1F6657220059ABDF /* Flicky */ = {
			isa = PBXGroup;
			children = (
				7621FC1D1F6657220059ABDF /* AppDelegate.swift */,
				7621FC211F6657220059ABDF /* Main.storyboard */,
				7621FC241F6657220059ABDF /* Assets.xcassets */,
				7621FC261F6657220059ABDF /* LaunchScreen.storyboard */,
				7621FC291F6657220059ABDF /* Info.plist */,
				7621FC2F1F66588A0059ABDF /* FlickViewController.swift */,
				76EF27441F6903E7004FC6B6 /* MovieCell.swift */,
				76EF27461F69992D004FC6B6 /* DetailViewController.swift */,
				76D992461F6A4F030044B437 /* MovieCollectionCell.swift */,
			);
			path = Flicky;
			sourceTree = "<group>";
		};
		76D992481F6A54330044B437 /* Extensions */ = {
			isa = PBXGroup;
			children = (
				76D992491F6A54430044B437 /* UIImage+colored.swift */,
				76D9924B1F6A54930044B437 /* UISegmentedControl+customizeAppearance.swift */,
				76FAA2A71F6E71EA00C2FFC1 /* UIImageView+loadPoster.swift */,
				76A5539C1F6F76CB001755EF /* UIView+setRadius.swift */,
			);
			name = Extensions;
			sourceTree = "<group>";
		};
/* End PBXGroup section */

/* Begin PBXNativeTarget section */
		7621FC191F6657220059ABDF /* Flicky */ = {
			isa = PBXNativeTarget;
			buildConfigurationList = 7621FC2C1F6657220059ABDF /* Build configuration list for PBXNativeTarget "Flicky" */;
			buildPhases = (
				F144261975279A67BDD8AD97 /* [CP] Check Pods Manifest.lock */,
				7621FC161F6657220059ABDF /* Sources */,
				7621FC171F6657220059ABDF /* Frameworks */,
				7621FC181F6657220059ABDF /* Resources */,
				394123D10F5901D824E67BF7 /* [CP] Embed Pods Frameworks */,
				ABFC57196FAD1CBF6C31C7B6 /* [CP] Copy Pods Resources */,
			);
			buildRules = (
			);
			dependencies = (
			);
			name = Flicky;
			productName = Flicky;
			productReference = 7621FC1A1F6657220059ABDF /* Flicky.app */;
			productType = "com.apple.product-type.application";
		};
/* End PBXNativeTarget section */

/* Begin PBXProject section */
		7621FC121F6657220059ABDF /* Project object */ = {
			isa = PBXProject;
			attributes = {
				LastSwiftUpdateCheck = 0830;
				LastUpgradeCheck = 0830;
				ORGANIZATIONNAME = Roostertech;
				TargetAttributes = {
					7621FC191F6657220059ABDF = {
						CreatedOnToolsVersion = 8.3.3;
						ProvisioningStyle = Automatic;
					};
				};
			};
			buildConfigurationList = 7621FC151F6657220059ABDF /* Build configuration list for PBXProject "Flicky" */;
			compatibilityVersion = "Xcode 3.2";
			developmentRegion = English;
			hasScannedForEncodings = 0;
			knownRegions = (
				en,
				Base,
			);
			mainGroup = 7621FC111F6657220059ABDF;
			productRefGroup = 7621FC1B1F6657220059ABDF /* Products */;
			projectDirPath = "";
			projectRoot = "";
			targets = (
				7621FC191F6657220059ABDF /* Flicky */,
			);
		};
/* End PBXProject section */

/* Begin PBXResourcesBuildPhase section */
		7621FC181F6657220059ABDF /* Resources */ = {
			isa = PBXResourcesBuildPhase;
			buildActionMask = 2147483647;
			files = (
				7621FC281F6657220059ABDF /* LaunchScreen.storyboard in Resources */,
				7621FC251F6657220059ABDF /* Assets.xcassets in Resources */,
				7621FC231F6657220059ABDF /* Main.storyboard in Resources */,
			);
			runOnlyForDeploymentPostprocessing = 0;
		};
/* End PBXResourcesBuildPhase section */

/* Begin PBXShellScriptBuildPhase section */
		394123D10F5901D824E67BF7 /* [CP] Embed Pods Frameworks */ = {
			isa = PBXShellScriptBuildPhase;
			buildActionMask = 2147483647;
			files = (
			);
			inputPaths = (
				"${SRCROOT}/Pods/Target Support Files/Pods-Flicky/Pods-Flicky-frameworks.sh",
				"${BUILT_PRODUCTS_DIR}/AFNetworking/AFNetworking.framework",
				"${BUILT_PRODUCTS_DIR}/MBProgressHUD/MBProgressHUD.framework",
			);
			name = "[CP] Embed Pods Frameworks";
			outputPaths = (
				"${TARGET_BUILD_DIR}/${FRAMEWORKS_FOLDER_PATH}/AFNetworking.framework",
				"${TARGET_BUILD_DIR}/${FRAMEWORKS_FOLDER_PATH}/MBProgressHUD.framework",
			);
			runOnlyForDeploymentPostprocessing = 0;
			shellPath = /bin/sh;
			shellScript = "\"${SRCROOT}/Pods/Target Support Files/Pods-Flicky/Pods-Flicky-frameworks.sh\"\n";
			showEnvVarsInLog = 0;
		};
		ABFC57196FAD1CBF6C31C7B6 /* [CP] Copy Pods Resources */ = {
			isa = PBXShellScriptBuildPhase;
			buildActionMask = 2147483647;
			files = (
			);
			inputPaths = (
			);
			name = "[CP] Copy Pods Resources";
			outputPaths = (
			);
			runOnlyForDeploymentPostprocessing = 0;
			shellPath = /bin/sh;
			shellScript = "\"${SRCROOT}/Pods/Target Support Files/Pods-Flicky/Pods-Flicky-resources.sh\"\n";
			showEnvVarsInLog = 0;
		};
		F144261975279A67BDD8AD97 /* [CP] Check Pods Manifest.lock */ = {
			isa = PBXShellScriptBuildPhase;
			buildActionMask = 2147483647;
			files = (
			);
			inputPaths = (
				"${PODS_PODFILE_DIR_PATH}/Podfile.lock",
				"${PODS_ROOT}/Manifest.lock",
			);
			name = "[CP] Check Pods Manifest.lock";
			outputPaths = (
				"$(DERIVED_FILE_DIR)/Pods-Flicky-checkManifestLockResult.txt",
			);
			runOnlyForDeploymentPostprocessing = 0;
			shellPath = /bin/sh;
			shellScript = "diff \"${PODS_PODFILE_DIR_PATH}/Podfile.lock\" \"${PODS_ROOT}/Manifest.lock\" > /dev/null\nif [ $? != 0 ] ; then\n    # print error to STDERR\n    echo \"error: The sandbox is not in sync with the Podfile.lock. Run 'pod install' or update your CocoaPods installation.\" >&2\n    exit 1\nfi\n# This output is used by Xcode 'outputs' to avoid re-running this script phase.\necho \"SUCCESS\" > \"${SCRIPT_OUTPUT_FILE_0}\"\n";
			showEnvVarsInLog = 0;
		};
/* End PBXShellScriptBuildPhase section */

/* Begin PBXSourcesBuildPhase section */
		7621FC161F6657220059ABDF /* Sources */ = {
			isa = PBXSourcesBuildPhase;
			buildActionMask = 2147483647;
			files = (
				7621FC301F66588A0059ABDF /* FlickViewController.swift in Sources */,
				76A5539D1F6F76CB001755EF /* UIView+setRadius.swift in Sources */,
				76D992471F6A4F030044B437 /* MovieCollectionCell.swift in Sources */,
				76D9924C1F6A54930044B437 /* UISegmentedControl+customizeAppearance.swift in Sources */,
				76FAA2A81F6E71EA00C2FFC1 /* UIImageView+loadPoster.swift in Sources */,
				7621FC1E1F6657220059ABDF /* AppDelegate.swift in Sources */,
				76EF27451F6903E7004FC6B6 /* MovieCell.swift in Sources */,
				76D9924A1F6A54430044B437 /* UIImage+colored.swift in Sources */,
				76EF27471F69992D004FC6B6 /* DetailViewController.swift in Sources */,
			);
			runOnlyForDeploymentPostprocessing = 0;
		};
/* End PBXSourcesBuildPhase section */

/* Begin PBXVariantGroup section */
		7621FC211F6657220059ABDF /* Main.storyboard */ = {
			isa = PBXVariantGroup;
			children = (
				7621FC221F6657220059ABDF /* Base */,
			);
			name = Main.storyboard;
			sourceTree = "<group>";
		};
		7621FC261F6657220059ABDF /* LaunchScreen.storyboard */ = {
			isa = PBXVariantGroup;
			children = (
				7621FC271F6657220059ABDF /* Base */,
			);
			name = LaunchScreen.storyboard;
			sourceTree = "<group>";
		};
/* End PBXVariantGroup section */

/* Begin XCBuildConfiguration section */
		7621FC2A1F6657220059ABDF /* Debug */ = {
			isa = XCBuildConfiguration;
			buildSettings = {
				ALWAYS_SEARCH_USER_PATHS = NO;
				CLANG_ANALYZER_NONNULL = YES;
				CLANG_ANALYZER_NUMBER_OBJECT_CONVERSION = YES_AGGRESSIVE;
				CLANG_CXX_LANGUAGE_STANDARD = "gnu++0x";
				CLANG_CXX_LIBRARY = "libc++";
				CLANG_ENABLE_MODULES = YES;
				CLANG_ENABLE_OBJC_ARC = YES;
				CLANG_WARN_BOOL_CONVERSION = YES;
				CLANG_WARN_CONSTANT_CONVERSION = YES;
				CLANG_WARN_DIRECT_OBJC_ISA_USAGE = YES_ERROR;
				CLANG_WARN_DOCUMENTATION_COMMENTS = YES;
				CLANG_WARN_EMPTY_BODY = YES;
				CLANG_WARN_ENUM_CONVERSION = YES;
				CLANG_WARN_INFINITE_RECURSION = YES;
				CLANG_WARN_INT_CONVERSION = YES;
				CLANG_WARN_OBJC_ROOT_CLASS = YES_ERROR;
				CLANG_WARN_SUSPICIOUS_MOVE = YES;
				CLANG_WARN_UNREACHABLE_CODE = YES;
				CLANG_WARN__DUPLICATE_METHOD_MATCH = YES;
				"CODE_SIGN_IDENTITY[sdk=iphoneos*]" = "iPhone Developer";
				COPY_PHASE_STRIP = NO;
				DEBUG_INFORMATION_FORMAT = dwarf;
				ENABLE_STRICT_OBJC_MSGSEND = YES;
				ENABLE_TESTABILITY = YES;
				GCC_C_LANGUAGE_STANDARD = gnu99;
				GCC_DYNAMIC_NO_PIC = NO;
				GCC_NO_COMMON_BLOCKS = YES;
				GCC_OPTIMIZATION_LEVEL = 0;
				GCC_PREPROCESSOR_DEFINITIONS = (
					"DEBUG=1",
					"$(inherited)",
				);
				GCC_WARN_64_TO_32_BIT_CONVERSION = YES;
				GCC_WARN_ABOUT_RETURN_TYPE = YES_ERROR;
				GCC_WARN_UNDECLARED_SELECTOR = YES;
				GCC_WARN_UNINITIALIZED_AUTOS = YES_AGGRESSIVE;
				GCC_WARN_UNUSED_FUNCTION = YES;
				GCC_WARN_UNUSED_VARIABLE = YES;
				IPHONEOS_DEPLOYMENT_TARGET = 10.3;
				MTL_ENABLE_DEBUG_INFO = YES;
				ONLY_ACTIVE_ARCH = YES;
				SDKROOT = iphoneos;
				SWIFT_ACTIVE_COMPILATION_CONDITIONS = DEBUG;
				SWIFT_OPTIMIZATION_LEVEL = "-Onone";
			};
			name = Debug;
		};
		7621FC2B1F6657220059ABDF /* Release */ = {
			isa = XCBuildConfiguration;
			buildSettings = {
				ALWAYS_SEARCH_USER_PATHS = NO;
				CLANG_ANALYZER_NONNULL = YES;
				CLANG_ANALYZER_NUMBER_OBJECT_CONVERSION = YES_AGGRESSIVE;
				CLANG_CXX_LANGUAGE_STANDARD = "gnu++0x";
				CLANG_CXX_LIBRARY = "libc++";
				CLANG_ENABLE_MODULES = YES;
				CLANG_ENABLE_OBJC_ARC = YES;
				CLANG_WARN_BOOL_CONVERSION = YES;
				CLANG_WARN_CONSTANT_CONVERSION = YES;
				CLANG_WARN_DIRECT_OBJC_ISA_USAGE = YES_ERROR;
				CLANG_WARN_DOCUMENTATION_COMMENTS = YES;
				CLANG_WARN_EMPTY_BODY = YES;
				CLANG_WARN_ENUM_CONVERSION = YES;
				CLANG_WARN_INFINITE_RECURSION = YES;
				CLANG_WARN_INT_CONVERSION = YES;
				CLANG_WARN_OBJC_ROOT_CLASS = YES_ERROR;
				CLANG_WARN_SUSPICIOUS_MOVE = YES;
				CLANG_WARN_UNREACHABLE_CODE = YES;
				CLANG_WARN__DUPLICATE_METHOD_MATCH = YES;
				"CODE_SIGN_IDENTITY[sdk=iphoneos*]" = "iPhone Developer";
				COPY_PHASE_STRIP = NO;
				DEBUG_INFORMATION_FORMAT = "dwarf-with-dsym";
				ENABLE_NS_ASSERTIONS = NO;
				ENABLE_STRICT_OBJC_MSGSEND = YES;
				GCC_C_LANGUAGE_STANDARD = gnu99;
				GCC_NO_COMMON_BLOCKS = YES;
				GCC_WARN_64_TO_32_BIT_CONVERSION = YES;
				GCC_WARN_ABOUT_RETURN_TYPE = YES_ERROR;
				GCC_WARN_UNDECLARED_SELECTOR = YES;
				GCC_WARN_UNINITIALIZED_AUTOS = YES_AGGRESSIVE;
				GCC_WARN_UNUSED_FUNCTION = YES;
				GCC_WARN_UNUSED_VARIABLE = YES;
				IPHONEOS_DEPLOYMENT_TARGET = 10.3;
				MTL_ENABLE_DEBUG_INFO = NO;
				SDKROOT = iphoneos;
				SWIFT_OPTIMIZATION_LEVEL = "-Owholemodule";
				VALIDATE_PRODUCT = YES;
			};
			name = Release;
		};
		7621FC2D1F6657220059ABDF /* Debug */ = {
			isa = XCBuildConfiguration;
			baseConfigurationReference = 0F22CC69FFE9707A29AB27C8 /* Pods-Flicky.debug.xcconfig */;
			buildSettings = {
				ASSETCATALOG_COMPILER_APPICON_NAME = AppIcon;
				INFOPLIST_FILE = Flicky/Info.plist;
				LD_RUNPATH_SEARCH_PATHS = "$(inherited) @executable_path/Frameworks";
				PRODUCT_BUNDLE_IDENTIFIER = net.roostertech.ios.Flicky;
				PRODUCT_NAME = "$(TARGET_NAME)";
				SWIFT_VERSION = 3.0;
			};
			name = Debug;
		};
		7621FC2E1F6657220059ABDF /* Release */ = {
			isa = XCBuildConfiguration;
			baseConfigurationReference = 7CD563FD43C4FA4023FE55B3 /* Pods-Flicky.release.xcconfig */;
			buildSettings = {
				ASSETCATALOG_COMPILER_APPICON_NAME = AppIcon;
				INFOPLIST_FILE = Flicky/Info.plist;
				LD_RUNPATH_SEARCH_PATHS = "$(inherited) @executable_path/Frameworks";
				PRODUCT_BUNDLE_IDENTIFIER = net.roostertech.ios.Flicky;
				PRODUCT_NAME = "$(TARGET_NAME)";
				SWIFT_VERSION = 3.0;
			};
			name = Release;
		};
/* End XCBuildConfiguration section */

/* Begin XCConfigurationList section */
		7621FC151F6657220059ABDF /* Build configuration list for PBXProject "Flicky" */ = {
			isa = XCConfigurationList;
			buildConfigurations = (
				7621FC2A1F6657220059ABDF /* Debug */,
				7621FC2B1F6657220059ABDF /* Release */,
			);
			defaultConfigurationIsVisible = 0;
			defaultConfigurationName = Release;
		};
		7621FC2C1F6657220059ABDF /* Build configuration list for PBXNativeTarget "Flicky" */ = {
			isa = XCConfigurationList;
			buildConfigurations = (
				7621FC2D1F6657220059ABDF /* Debug */,
				7621FC2E1F6657220059ABDF /* Release */,
			);
			defaultConfigurationIsVisible = 0;
			defaultConfigurationName = Release;
		};
/* End XCConfigurationList section */
	};
	rootObject = 7621FC121F6657220059ABDF /* Project object */;
}
